{
  "requires": true,
  "lockfileVersion": 1,
  "dependencies": {
    "@babel/runtime": {
      "version": "7.15.4",
      "resolved": "https://registry.npmjs.org/@babel/runtime/-/runtime-7.15.4.tgz",
      "integrity": "sha512-99catp6bHCaxr4sJ/DbTGgHS4+Rs2RVd2g7iOap6SLGPDknRK9ztKNsE/Fg6QhSeh1FGE5f6gHGQmvvn3I3xhw==",
      "requires": {
        "regenerator-runtime": "^0.13.4"
      }
    },
    "@fortawesome/fontawesome-free": {
      "version": "5.15.4",
      "resolved": "https://registry.npmjs.org/@fortawesome/fontawesome-free/-/fontawesome-free-5.15.4.tgz",
      "integrity": "sha512-eYm8vijH/hpzr/6/1CJ/V/Eb1xQFW2nnUKArb3z+yUWv7HTwj6M7SP957oMjfZjAHU6qpoNc2wQvIxBLWYa/Jg=="
    },
    "@hapi/boom": {
      "version": "9.1.4",
      "resolved": "https://registry.npmjs.org/@hapi/boom/-/boom-9.1.4.tgz",
      "integrity": "sha512-Ls1oH8jaN1vNsqcaHVYJrKmgMcKsC1wcp8bujvXrHaAqD2iDYq3HoOwsxwo09Cuda5R5nC0o0IxlrlTuvPuzSw==",
      "requires": {
        "@hapi/hoek": "9.x.x"
      }
    },
    "@hapi/cryptiles": {
      "version": "5.1.0",
      "resolved": "https://registry.npmjs.org/@hapi/cryptiles/-/cryptiles-5.1.0.tgz",
      "integrity": "sha512-fo9+d1Ba5/FIoMySfMqPBR/7Pa29J2RsiPrl7bkwo5W5o+AN1dAYQRi4SPrPwwVxVGKjgLOEWrsvt1BonJSfLA==",
      "requires": {
        "@hapi/boom": "9.x.x"
      }
    },
    "@hapi/hoek": {
      "version": "9.2.1",
      "resolved": "https://registry.npmjs.org/@hapi/hoek/-/hoek-9.2.1.tgz",
      "integrity": "sha512-gfta+H8aziZsm8pZa0vj04KO6biEiisppNgA1kbJvFrrWu9Vm7eaUEy76DIxsuTaWvti5fkJVhllWc6ZTE+Mdw=="
    },
    "@videojs/http-streaming": {
      "version": "2.10.2",
      "resolved": "https://registry.npmjs.org/@videojs/http-streaming/-/http-streaming-2.10.2.tgz",
      "integrity": "sha512-JTAlAUHzj0sTsge2WBh4DWKM2I5BDFEZYOvzxmsK/ySILmI0GRyjAHx9uid68ZECQ2qbEAIRmZW5lWp0R5PeNA==",
      "requires": {
        "@babel/runtime": "^7.12.5",
        "@videojs/vhs-utils": "3.0.3",
        "aes-decrypter": "3.1.2",
        "global": "^4.4.0",
        "m3u8-parser": "4.7.0",
        "mpd-parser": "0.19.0",
        "mux.js": "5.13.0",
        "video.js": "^6 || ^7"
      },
      "dependencies": {
        "@videojs/vhs-utils": {
          "version": "3.0.3",
          "resolved": "https://registry.npmjs.org/@videojs/vhs-utils/-/vhs-utils-3.0.3.tgz",
          "integrity": "sha512-bU7daxDHhzcTDbmty1cXjzsTYvx2cBGbA8hG5H2Gvpuk4sdfuvkZtMCwtCqL59p6dsleMPspyaNS+7tWXx2Y0A==",
          "requires": {
            "@babel/runtime": "^7.12.5",
            "global": "^4.4.0",
            "url-toolkit": "^2.2.1"
          }
        }
      }
    },
    "@videojs/vhs-utils": {
      "version": "3.0.4",
      "resolved": "https://registry.npmjs.org/@videojs/vhs-utils/-/vhs-utils-3.0.4.tgz",
      "integrity": "sha512-hui4zOj2I1kLzDgf8QDVxD3IzrwjS/43KiS8IHQO0OeeSsb4pB/lgNt1NG7Dv0wMQfCccUpMVLGcK618s890Yg==",
      "requires": {
        "@babel/runtime": "^7.12.5",
        "global": "^4.4.0",
        "url-toolkit": "^2.2.1"
      }
    },
    "@videojs/xhr": {
      "version": "2.6.0",
      "resolved": "https://registry.npmjs.org/@videojs/xhr/-/xhr-2.6.0.tgz",
      "integrity": "sha512-7J361GiN1tXpm+gd0xz2QWr3xNWBE+rytvo8J3KuggFaLg+U37gZQ2BuPLcnkfGffy2e+ozY70RHC8jt7zjA6Q==",
      "requires": {
        "@babel/runtime": "^7.5.5",
        "global": "~4.4.0",
        "is-function": "^1.0.1"
      }
    },
    "@xmldom/xmldom": {
      "version": "0.7.5",
      "resolved": "https://registry.npmjs.org/@xmldom/xmldom/-/xmldom-0.7.5.tgz",
      "integrity": "sha512-V3BIhmY36fXZ1OtVcI9W+FxQqxVLsPKcNjWigIaa81dLC9IolJl5Mt4Cvhmr0flUnjSpTdrbMTSbXqYqV5dT6A=="
    },
    "aes-decrypter": {
      "version": "3.1.2",
      "resolved": "https://registry.npmjs.org/aes-decrypter/-/aes-decrypter-3.1.2.tgz",
      "integrity": "sha512-42nRwfQuPRj9R1zqZBdoxnaAmnIFyDi0MNyTVhjdFOd8fifXKKRfwIHIZ6AMn1or4x5WONzjwRTbTWcsIQ0O4A==",
      "requires": {
        "@babel/runtime": "^7.12.5",
        "@videojs/vhs-utils": "^3.0.0",
        "global": "^4.4.0",
        "pkcs7": "^1.0.4"
      }
    },
    "animate.css": {
      "version": "4.1.1",
      "resolved": "https://registry.npmjs.org/animate.css/-/animate.css-4.1.1.tgz",
      "integrity": "sha512-+mRmCTv6SbCmtYJCN4faJMNFVNN5EuCTTprDTAo7YzIGji2KADmakjVA3+8mVDkZ2Bf09vayB35lSQIex2+QaQ=="
    },
    "bootstrap": {
      "version": "5.1.3",
      "resolved": "https://registry.npmjs.org/bootstrap/-/bootstrap-5.1.3.tgz",
      "integrity": "sha512-fcQztozJ8jToQWXxVuEyXWW+dSo8AiXWKwiSSrKWsRB/Qt+Ewwza+JWoLKiTuQLaEPhdNAJ7+Dosc9DOIqNy7Q=="
    },
    "can-autoplay": {
      "version": "3.0.2",
      "resolved": "https://registry.npmjs.org/can-autoplay/-/can-autoplay-3.0.2.tgz",
      "integrity": "sha512-Ih6wc7yJB4TylS/mLyAW0Dj5Nh3Gftq/g966TcxgvpNCOzlbqTs85srAq7mwIspo4w8gnLCVVGroyCHfh6l9aA=="
    },
    "chart.js": {
      "version": "3.6.0",
      "resolved": "https://registry.npmjs.org/chart.js/-/chart.js-3.6.0.tgz",
      "integrity": "sha512-iOzzDKePL+bj+ccIsVAgWQehCXv8xOKGbaU2fO/myivH736zcx535PGJzQGanvcSGVOqX6yuLZsN3ygcQ35UgQ=="
    },
    "codemirror": {
      "version": "5.63.3",
      "resolved": "https://registry.npmjs.org/codemirror/-/codemirror-5.63.3.tgz",
      "integrity": "sha512-1C+LELr+5grgJYqwZKqxrcbPsHFHapVaVAloBsFBASbpLnQqLw1U8yXJ3gT5D+rhxIiSpo+kTqN+hQ+9ialIXw=="
    },
    "croppie": {
      "version": "2.6.5",
      "resolved": "https://registry.npmjs.org/croppie/-/croppie-2.6.5.tgz",
      "integrity": "sha512-IlChnVUGG5T3w2gRZIaQgBtlvyuYnlUWs2YZIXXR3H9KrlO1PtBT3j+ykxvy9eZIWhk+V5SpBmhCQz5UXKrEKQ=="
    },
    "dom-walk": {
      "version": "0.1.2",
      "resolved": "https://registry.npmjs.org/dom-walk/-/dom-walk-0.1.2.tgz",
      "integrity": "sha512-6QvTW9mrGeIegrFXdtQi9pk7O/nSK6lSdXW2eqUspN5LWD7UTji2Fqw5V2YLjBpHEoU9Xl/eUWNpDeZvoyOv2w=="
    },
    "es6-object-assign": {
      "version": "1.1.0",
      "resolved": "https://registry.npmjs.org/es6-object-assign/-/es6-object-assign-1.1.0.tgz",
      "integrity": "sha1-wsNYJlYkfDnqEHyx5mUrb58kUjw="
    },
    "ev-emitter": {
      "version": "2.1.0",
      "resolved": "https://registry.npmjs.org/ev-emitter/-/ev-emitter-2.1.0.tgz",
      "integrity": "sha512-73qJdHUbyfA6ykAvWf4bBV7fQNYVOPd9nA3qfiQkgKVgIBKro/MAfJnZgyayWUapHU0Y5Qk9unofK3WirjkrVQ=="
    },
    "extend": {
      "version": "3.0.2",
      "resolved": "https://registry.npmjs.org/extend/-/extend-3.0.2.tgz",
      "integrity": "sha512-fjquC59cD7CyW6urNXK0FBufkZcoiGG80wTuPujX590cB5Ttln20E2UB4S/WARVqhXffZl2LNgS+gQdPIIim/g=="
    },
    "fizzy-ui-utils": {
      "version": "3.0.0",
      "resolved": "https://registry.npmjs.org/fizzy-ui-utils/-/fizzy-ui-utils-3.0.0.tgz",
      "integrity": "sha512-uJj38QFQiJ/KCio5tiZhwAjIbTXSIgzBCKdKVbaYfLS053F6z23Nb0o1ZoO9gnxOQWN7BCc35jsvrCtAq3gY9g=="
    },
    "global": {
      "version": "4.4.0",
      "resolved": "https://registry.npmjs.org/global/-/global-4.4.0.tgz",
      "integrity": "sha512-wv/LAoHdRE3BeTGz53FAamhGlPLhlssK45usmGFThIi4XqnBmjKQ16u+RNbP7WvigRZDxUsM0J3gcQ5yicaL0w==",
      "requires": {
        "min-document": "^2.19.0",
        "process": "^0.11.10"
      }
    },
    "individual": {
      "version": "2.0.0",
      "resolved": "https://registry.npmjs.org/individual/-/individual-2.0.0.tgz",
      "integrity": "sha1-gzsJfa0jKU52EXqY+zjg2a1hu5c="
    },
    "infinite-scroll": {
      "version": "4.0.1",
      "resolved": "https://registry.npmjs.org/infinite-scroll/-/infinite-scroll-4.0.1.tgz",
      "integrity": "sha512-14Utu6d8g6mO5PmwUxfAUK5uaKdClIkrJqLmBYXj/AMBRy5ApsCWkkY84HvsSq4MM1A062gtf58S9OiD5WBfRA==",
      "requires": {
        "ev-emitter": "^2.1.0",
        "fizzy-ui-utils": "^3.0.0"
      }
    },
    "is-function": {
      "version": "1.0.2",
      "resolved": "https://registry.npmjs.org/is-function/-/is-function-1.0.2.tgz",
      "integrity": "sha512-lw7DUp0aWXYg+CBCN+JKkcE0Q2RayZnSvnZBlwgxHBQhqt5pZNVy4Ri7H9GmmXkdu7LUthszM+Tor1u/2iBcpQ=="
    },
    "jquery": {
      "version": "3.6.0",
      "resolved": "https://registry.npmjs.org/jquery/-/jquery-3.6.0.tgz",
      "integrity": "sha512-JVzAR/AjBvVt2BmYhxRCSYysDsPcssdmTFnzyLEts9qNwmjmu4JTAMYubEfwVOSwpQ1I1sKKFcxhZCI2buerfw=="
    },
    "jquery-ui-dist": {
      "version": "1.12.1",
      "resolved": "https://registry.npmjs.org/jquery-ui-dist/-/jquery-ui-dist-1.12.1.tgz",
      "integrity": "sha1-XAgV08xvkP9fqvWyaKbiO0ypBPo="
    },
    "keycode": {
      "version": "2.2.0",
      "resolved": "https://registry.npmjs.org/keycode/-/keycode-2.2.0.tgz",
      "integrity": "sha1-PQr1bce4uOXLqNCpfxByBO7CKwQ="
    },
    "lodash": {
      "version": "4.17.21",
      "resolved": "https://registry.npmjs.org/lodash/-/lodash-4.17.21.tgz",
      "integrity": "sha512-v2kDEe57lecTulaDIuNTPy3Ry4gLGJ6Z1O3vE1krgXZNrsQ+LFTGHVxVjcXPs17LhbZVGedAJv8XZ1tvj5FvSg=="
    },
    "lodash._reinterpolate": {
      "version": "3.0.0",
      "resolved": "https://registry.npmjs.org/lodash._reinterpolate/-/lodash._reinterpolate-3.0.0.tgz",
      "integrity": "sha1-DM8tiRZq8Ds2Y8eWU4t1rG4RTZ0="
    },
    "lodash.template": {
      "version": "4.5.0",
      "resolved": "https://registry.npmjs.org/lodash.template/-/lodash.template-4.5.0.tgz",
      "integrity": "sha512-84vYFxIkmidUiFxidA/KjjH9pAycqW+h980j7Fuz5qxRtO9pgB7MDFTdys1N7A5mcucRiDyEq4fusljItR1T/A==",
      "requires": {
        "lodash._reinterpolate": "^3.0.0",
        "lodash.templatesettings": "^4.0.0"
      }
    },
    "lodash.templatesettings": {
      "version": "4.2.0",
      "resolved": "https://registry.npmjs.org/lodash.templatesettings/-/lodash.templatesettings-4.2.0.tgz",
      "integrity": "sha512-stgLz+i3Aa9mZgnjr/O+v9ruKZsPsndy7qPZOchbqk2cnTU1ZaldKK+v7m54WoKIyxiuMZTKT2H81F8BeAc3ZQ==",
      "requires": {
        "lodash._reinterpolate": "^3.0.0"
      }
    },
    "m3u8-parser": {
      "version": "4.7.0",
      "resolved": "https://registry.npmjs.org/m3u8-parser/-/m3u8-parser-4.7.0.tgz",
      "integrity": "sha512-48l/OwRyjBm+QhNNigEEcRcgbRvnUjL7rxs597HmW9QSNbyNvt+RcZ9T/d9vxi9A9z7EZrB1POtZYhdRlwYQkQ==",
      "requires": {
        "@babel/runtime": "^7.12.5",
        "@videojs/vhs-utils": "^3.0.0",
        "global": "^4.4.0"
      }
    },
    "min-document": {
      "version": "2.19.0",
      "resolved": "https://registry.npmjs.org/min-document/-/min-document-2.19.0.tgz",
      "integrity": "sha1-e9KC4/WELtKVu3SM3Z8f+iyCRoU=",
      "requires": {
        "dom-walk": "^0.1.0"
      }
    },
    "mpd-parser": {
      "version": "0.19.0",
      "resolved": "https://registry.npmjs.org/mpd-parser/-/mpd-parser-0.19.0.tgz",
      "integrity": "sha512-FDLIXtZMZs99fv5iXNFg94quNFT26tobo0NUgHu7L3XgZvEq1NBarf5yxDFFJ1zzfbcmtj+NRaml6nYIxoPWvw==",
      "requires": {
        "@babel/runtime": "^7.12.5",
        "@videojs/vhs-utils": "^3.0.2",
        "@xmldom/xmldom": "^0.7.2",
        "global": "^4.4.0"
      }
    },
    "mux.js": {
      "version": "5.13.0",
      "resolved": "https://registry.npmjs.org/mux.js/-/mux.js-5.13.0.tgz",
      "integrity": "sha512-PkmnzHcTQjUBEHp3KRPQAFoNkJtKlpCEvsYtXDfDrC+/WqbMuxHvoYfmAbHVAH7Sa/KliPVU0dT1ureO8wilog==",
      "requires": {
        "@babel/runtime": "^7.11.2"
      }
    },
    "pkcs7": {
      "version": "1.0.4",
      "resolved": "https://registry.npmjs.org/pkcs7/-/pkcs7-1.0.4.tgz",
      "integrity": "sha512-afRERtHn54AlwaF2/+LFszyAANTCggGilmcmILUzEjvs3XgFZT+xE6+QWQcAGmu4xajy+Xtj7acLOPdx5/eXWQ==",
      "requires": {
        "@babel/runtime": "^7.5.5"
      }
    },
    "process": {
      "version": "0.11.10",
      "resolved": "https://registry.npmjs.org/process/-/process-0.11.10.tgz",
      "integrity": "sha1-czIwDoQBYb2j5podHZGn1LwW8YI="
    },
    "promise-polyfill": {
      "version": "6.1.0",
      "resolved": "https://registry.npmjs.org/promise-polyfill/-/promise-polyfill-6.1.0.tgz",
      "integrity": "sha1-36lpQ+qcEh/KTem1hoyznTRy4Fc="
    },
    "regenerator-runtime": {
      "version": "0.13.9",
      "resolved": "https://registry.npmjs.org/regenerator-runtime/-/regenerator-runtime-0.13.9.tgz",
      "integrity": "sha512-p3VT+cOEgxFsRRA9X4lkI1E+k2/CtnKtU4gcxyaCUreilL/vqI6CdZ3wxVUx3UOUg+gnUOQQcRI7BmSI656MYA=="
    },
    "rust-result": {
      "version": "1.0.0",
      "resolved": "https://registry.npmjs.org/rust-result/-/rust-result-1.0.0.tgz",
      "integrity": "sha1-NMdbLm3Dn+WHXlveyFteD5FTb3I=",
      "requires": {
        "individual": "^2.0.0"
      }
    },
    "safe-json-parse": {
      "version": "4.0.0",
      "resolved": "https://registry.npmjs.org/safe-json-parse/-/safe-json-parse-4.0.0.tgz",
      "integrity": "sha1-fA9XjPzNEtM6ccDgVBPi7KFx6qw=",
      "requires": {
        "rust-result": "^1.0.0"
      }
    },
    "sweetalert": {
      "version": "2.1.2",
      "resolved": "https://registry.npmjs.org/sweetalert/-/sweetalert-2.1.2.tgz",
      "integrity": "sha512-iWx7X4anRBNDa/a+AdTmvAzQtkN1+s4j/JJRWlHpYE8Qimkohs8/XnFcWeYHH2lMA8LRCa5tj2d244If3S/hzA==",
      "requires": {
        "es6-object-assign": "^1.1.0",
        "promise-polyfill": "^6.0.2"
      }
    },
    "tinymce": {
      "version": "5.10.0",
      "resolved": "https://registry.npmjs.org/tinymce/-/tinymce-5.10.0.tgz",
      "integrity": "sha512-SaqBK8GtTKYSsTfhKdN0+NrZRgmVWO+j3fvgzLjt0t/g0osNzRH5os8icm2Rv5HvaeTd4TpxetUuLE+R9yg/yg=="
    },
    "tinymce-langs": {
      "version": "1.0.0",
      "resolved": "https://registry.npmjs.org/tinymce-langs/-/tinymce-langs-1.0.0.tgz",
      "integrity": "sha512-Glh1kkErH+7fVjMiFICht7x0zWkU9QYa6q8532DwXBmRSb22dBbGdqdcQEADO2aVDLtDh5kmy1X28fHtaAp3fA=="
    },
    "url-toolkit": {
      "version": "2.2.3",
      "resolved": "https://registry.npmjs.org/url-toolkit/-/url-toolkit-2.2.3.tgz",
      "integrity": "sha512-Da75SQoxsZ+2wXS56CZBrj2nukQ4nlGUZUP/dqUBG5E1su5GKThgT94Q00x81eVII7AyS1Pn+CtTTZ4Z0pLUtQ=="
    },
    "video.js": {
      "version": "7.15.4",
      "resolved": "https://registry.npmjs.org/video.js/-/video.js-7.15.4.tgz",
      "integrity": "sha512-hghxkgptLUvfkpktB4wxcIVF3VpY/hVsMkrjHSv0jpj1bW9Jplzdt8IgpTm9YhlB1KYAp07syVQeZcBFUBwhkw==",
      "requires": {
        "@babel/runtime": "^7.12.5",
        "@videojs/http-streaming": "2.10.2",
        "@videojs/vhs-utils": "^3.0.3",
        "@videojs/xhr": "2.6.0",
        "aes-decrypter": "3.1.2",
        "global": "^4.4.0",
        "keycode": "^2.2.0",
        "m3u8-parser": "4.7.0",
        "mpd-parser": "0.19.0",
        "mux.js": "5.13.0",
        "safe-json-parse": "4.0.0",
        "videojs-font": "3.2.0",
        "videojs-vtt.js": "^0.15.3"
      }
    },
    "videojs-contrib-ads": {
      "version": "6.9.0",
      "resolved": "https://registry.npmjs.org/videojs-contrib-ads/-/videojs-contrib-ads-6.9.0.tgz",
      "integrity": "sha512-nzKz+jhCGMTYffSNVYrmp9p70s05v6jUMOY3Z7DpVk3iFrWK4Zi/BIkokDWrMoHpKjdmCdKzfJVBT+CrUj6Spw==",
      "requires": {
        "global": "^4.3.2",
        "video.js": "^6 || ^7"
      }
    },
    "videojs-font": {
      "version": "3.2.0",
      "resolved": "https://registry.npmjs.org/videojs-font/-/videojs-font-3.2.0.tgz",
      "integrity": "sha512-g8vHMKK2/JGorSfqAZQUmYYNnXmfec4MLhwtEFS+mMs2IDY398GLysy6BH6K+aS1KMNu/xWZ8Sue/X/mdQPliA=="
    },
    "videojs-ima": {
      "version": "1.11.0",
      "resolved": "https://registry.npmjs.org/videojs-ima/-/videojs-ima-1.11.0.tgz",
      "integrity": "sha512-ZRoWuGyJ75zamwZgpr0i/gZ6q7Evda/Q6R46gpW88WN7u0ORU7apw/lM1MSG4c3YDXW8LDENgzMAvMZUdifWhg==",
      "requires": {
        "@hapi/cryptiles": "^5.1.0",
        "can-autoplay": "^3.0.0",
        "extend": ">=3.0.2",
        "lodash": ">=4.17.19",
        "lodash.template": ">=4.5.0",
        "videojs-contrib-ads": "^6.6.5"
      }
    },
    "videojs-vtt.js": {
      "version": "0.15.3",
      "resolved": "https://registry.npmjs.org/videojs-vtt.js/-/videojs-vtt.js-0.15.3.tgz",
      "integrity": "sha512-5FvVsICuMRx6Hd7H/Y9s9GDeEtYcXQWzGMS+sl4UX3t/zoHp3y+isSfIPRochnTH7h+Bh1ILyC639xy9Z6kPag==",
      "requires": {
        "global": "^4.3.1"
      }
    },
    "wow.js": {
      "version": "1.2.2",
      "resolved": "https://registry.npmjs.org/wow.js/-/wow.js-1.2.2.tgz",
      "integrity": "sha1-JHUZsKNCMZsaY+Iq6prOwanqV/U="
    }
  }
}
